
Microsoft Visual Studio Solution File, Format Version 12.00
# Visual Studio Version 16
VisualStudioVersion = 16.0.30621.155
MinimumVisualStudioVersion = 10.0.40219.1
Project("{8BC9CEB8-8B4A-11D0-8D11-00A0C91BC942}") = "Robotziv2", "Robotziv2.vcxproj", "{A7A9B722-6186-4835-9B18-132989E9B2AC}"
EndProject
Global
	GlobalSection(SolutionConfigurationPlatforms) = preSolution
		Debug|x64 = Debug|x64
		Debug|x86 = Debug|x86
		Release|x64 = Release|x64
		Release|x86 = Release|x86
	EndGlobalSection
	GlobalSection(ProjectConfigurationPlatforms) = postSolution
		{A7A9B722-6186-4835-9B18-132989E9B2AC}.Debug|x64.ActiveCfg = Debug|x64
		{A7A9B722-6186-4835-9B18-132989E9B2AC}.Debug|x64.Build.0 = Debug|x64
		{A7A9B722-6186-4835-9B18-132989E9B2AC}.Debug|x86.ActiveCfg = Debug|Win32
		{A7A9B722-6186-4835-9B18-132989E9B2AC}.Debug|x86.Build.0 = Debug|Win32
		{A7A9B722-6186-4835-9B18-132989E9B2AC}.Release|x64.ActiveCfg = Release|x64
		{A7A9B722-6186-4835-9B18-132989E9B2AC}.Release|x64.Build.0 = Release|x64
		{A7A9B722-6186-4835-9B18-132989E9B2AC}.Release|x86.ActiveCfg = Release|Win32
		{A7A9B722-6186-4835-9B18-132989E9B2AC}.Release|x86.Build.0 = Release|Win32
	EndGlobalSection
	GlobalSection(SolutionProperties) = preSolution
		HideSolutionNode = FALSE
	EndGlobalSection
	GlobalSection(ExtensibilityGlobals) = postSolution
		SolutionGuid = {E0143CA1-2F7C-4311-A408-A021B37A4880}
	EndGlobalSection
EndGlobal
